
Microsoft Visual Studio Solution File, Format Version 12.00
# Visual Studio Version 17
VisualStudioVersion = 17.2.32630.192
MinimumVisualStudioVersion = 10.0.40219.1
Project("{FAE04EC0-301F-11D3-BF4B-00C04F79EFBC}") = "Phone.UWP", "Phone\Phone.UWP\Phone.UWP.csproj", "{877303D6-4994-4385-A908-4750AC99E74A}"
EndProject
Project("{FAE04EC0-301F-11D3-BF4B-00C04F79EFBC}") = "Phone.Android", "Phone\Phone.Android\Phone.Android.csproj", "{4B4BBEA5-BA37-47AE-A6F5-4A5C4C44B3DB}"
EndProject
Project("{FAE04EC0-301F-11D3-BF4B-00C04F79EFBC}") = "Phone.iOS", "Phone\Phone.iOS\Phone.iOS.csproj", "{F9A13B17-0636-4AF5-9157-6C99F02B3474}"
EndProject
Project("{9A19103F-16F7-4668-BE54-9A1E7A4F7556}") = "Phone", "Phone\Phone\Phone.csproj", "{744B37BD-84B6-4F26-AA7D-5A97396C587F}"
EndProject
Project("{FAE04EC0-301F-11D3-BF4B-00C04F79EFBC}") = "WelcomeToXamarin.Android", "WelcomeToXamarin\WelcomeToXamarin.Android\WelcomeToXamarin.Android.csproj", "{59E7671D-944C-472C-A6D0-E5B77A3480CE}"
EndProject
Project("{FAE04EC0-301F-11D3-BF4B-00C04F79EFBC}") = "WelcomeToXamarin.iOS", "WelcomeToXamarin\WelcomeToXamarin.iOS\WelcomeToXamarin.iOS.csproj", "{96BB9659-3096-4CF3-9594-18E0AD82D289}"
EndProject
Project("{FAE04EC0-301F-11D3-BF4B-00C04F79EFBC}") = "WelcomeToXamarin", "WelcomeToXamarin\WelcomeToXamarin\WelcomeToXamarin.csproj", "{4E4C34DE-C30E-491F-922F-EF76CEFBAE1F}"
EndProject
Global
	GlobalSection(SolutionConfigurationPlatforms) = preSolution
		Debug|Any CPU = Debug|Any CPU
		Debug|ARM = Debug|ARM
		Debug|iPhone = Debug|iPhone
		Debug|iPhoneSimulator = Debug|iPhoneSimulator
		Debug|x64 = Debug|x64
		Debug|x86 = Debug|x86
		Release|Any CPU = Release|Any CPU
		Release|ARM = Release|ARM
		Release|iPhone = Release|iPhone
		Release|iPhoneSimulator = Release|iPhoneSimulator
		Release|x64 = Release|x64
		Release|x86 = Release|x86
	EndGlobalSection
	GlobalSection(ProjectConfigurationPlatforms) = postSolution
		{877303D6-4994-4385-A908-4750AC99E74A}.Debug|Any CPU.ActiveCfg = Debug|x64
		{877303D6-4994-4385-A908-4750AC99E74A}.Debug|Any CPU.Build.0 = Debug|x64
		{877303D6-4994-4385-A908-4750AC99E74A}.Debug|Any CPU.Deploy.0 = Debug|x64
		{877303D6-4994-4385-A908-4750AC99E74A}.Debug|ARM.ActiveCfg = Debug|ARM
		{877303D6-4994-4385-A908-4750AC99E74A}.Debug|ARM.Build.0 = Debug|ARM
		{877303D6-4994-4385-A908-4750AC99E74A}.Debug|ARM.Deploy.0 = Debug|ARM
		{877303D6-4994-4385-A908-4750AC99E74A}.Debug|iPhone.ActiveCfg = Debug|x64
		{877303D6-4994-4385-A908-4750AC99E74A}.Debug|iPhone.Build.0 = Debug|x64
		{877303D6-4994-4385-A908-4750AC99E74A}.Debug|iPhone.Deploy.0 = Debug|x64
		{877303D6-4994-4385-A908-4750AC99E74A}.Debug|iPhoneSimulator.ActiveCfg = Debug|x64
		{877303D6-4994-4385-A908-4750AC99E74A}.Debug|iPhoneSimulator.Build.0 = Debug|x64
		{877303D6-4994-4385-A908-4750AC99E74A}.Debug|iPhoneSimulator.Deploy.0 = Debug|x64
		{877303D6-4994-4385-A908-4750AC99E74A}.Debug|x64.ActiveCfg = Debug|x64
		{877303D6-4994-4385-A908-4750AC99E74A}.Debug|x64.Build.0 = Debug|x64
		{877303D6-4994-4385-A908-4750AC99E74A}.Debug|x64.Deploy.0 = Debug|x64
		{877303D6-4994-4385-A908-4750AC99E74A}.Debug|x86.ActiveCfg = Debug|x86
		{877303D6-4994-4385-A908-4750AC99E74A}.Debug|x86.Build.0 = Debug|x86
		{877303D6-4994-4385-A908-4750AC99E74A}.Debug|x86.Deploy.0 = Debug|x86
		{877303D6-4994-4385-A908-4750AC99E74A}.Release|Any CPU.ActiveCfg = Release|x64
		{877303D6-4994-4385-A908-4750AC99E74A}.Release|Any CPU.Build.0 = Release|x64
		{877303D6-4994-4385-A908-4750AC99E74A}.Release|Any CPU.Deploy.0 = Release|x64
		{877303D6-4994-4385-A908-4750AC99E74A}.Release|ARM.ActiveCfg = Release|ARM
		{877303D6-4994-4385-A908-4750AC99E74A}.Release|ARM.Build.0 = Release|ARM
		{877303D6-4994-4385-A908-4750AC99E74A}.Release|ARM.Deploy.0 = Release|ARM
		{877303D6-4994-4385-A908-4750AC99E74A}.Release|iPhone.ActiveCfg = Release|x64
		{877303D6-4994-4385-A908-4750AC99E74A}.Release|iPhone.Build.0 = Release|x64
		{877303D6-4994-4385-A908-4750AC99E74A}.Release|iPhone.Deploy.0 = Release|x64
		{877303D6-4994-4385-A908-4750AC99E74A}.Release|iPhoneSimulator.ActiveCfg = Release|x64
		{877303D6-4994-4385-A908-4750AC99E74A}.Release|iPhoneSimulator.Build.0 = Release|x64
		{877303D6-4994-4385-A908-4750AC99E74A}.Release|iPhoneSimulator.Deploy.0 = Release|x64
		{877303D6-4994-4385-A908-4750AC99E74A}.Release|x64.ActiveCfg = Release|x64
		{877303D6-4994-4385-A908-4750AC99E74A}.Release|x64.Build.0 = Release|x64
		{877303D6-4994-4385-A908-4750AC99E74A}.Release|x64.Deploy.0 = Release|x64
		{877303D6-4994-4385-A908-4750AC99E74A}.Release|x86.ActiveCfg = Release|x86
		{877303D6-4994-4385-A908-4750AC99E74A}.Release|x86.Build.0 = Release|x86
		{877303D6-4994-4385-A908-4750AC99E74A}.Release|x86.Deploy.0 = Release|x86
		{4B4BBEA5-BA37-47AE-A6F5-4A5C4C44B3DB}.Debug|Any CPU.ActiveCfg = Debug|Any CPU
		{4B4BBEA5-BA37-47AE-A6F5-4A5C4C44B3DB}.Debug|Any CPU.Build.0 = Debug|Any CPU
		{4B4BBEA5-BA37-47AE-A6F5-4A5C4C44B3DB}.Debug|Any CPU.Deploy.0 = Debug|Any CPU
		{4B4BBEA5-BA37-47AE-A6F5-4A5C4C44B3DB}.Debug|ARM.ActiveCfg = Debug|Any CPU
		{4B4BBEA5-BA37-47AE-A6F5-4A5C4C44B3DB}.Debug|ARM.Build.0 = Debug|Any CPU
		{4B4BBEA5-BA37-47AE-A6F5-4A5C4C44B3DB}.Debug|ARM.Deploy.0 = Debug|Any CPU
		{4B4BBEA5-BA37-47AE-A6F5-4A5C4C44B3DB}.Debug|iPhone.ActiveCfg = Debug|Any CPU
		{4B4BBEA5-BA37-47AE-A6F5-4A5C4C44B3DB}.Debug|iPhone.Build.0 = Debug|Any CPU
		{4B4BBEA5-BA37-47AE-A6F5-4A5C4C44B3DB}.Debug|iPhone.Deploy.0 = Debug|Any CPU
		{4B4BBEA5-BA37-47AE-A6F5-4A5C4C44B3DB}.Debug|iPhoneSimulator.ActiveCfg = Debug|Any CPU
		{4B4BBEA5-BA37-47AE-A6F5-4A5C4C44B3DB}.Debug|iPhoneSimulator.Build.0 = Debug|Any CPU
		{4B4BBEA5-BA37-47AE-A6F5-4A5C4C44B3DB}.Debug|iPhoneSimulator.Deploy.0 = Debug|Any CPU
		{4B4BBEA5-BA37-47AE-A6F5-4A5C4C44B3DB}.Debug|x64.ActiveCfg = Debug|Any CPU
		{4B4BBEA5-BA37-47AE-A6F5-4A5C4C44B3DB}.Debug|x64.Build.0 = Debug|Any CPU
		{4B4BBEA5-BA37-47AE-A6F5-4A5C4C44B3DB}.Debug|x64.Deploy.0 = Debug|Any CPU
		{4B4BBEA5-BA37-47AE-A6F5-4A5C4C44B3DB}.Debug|x86.ActiveCfg = Debug|Any CPU
		{4B4BBEA5-BA37-47AE-A6F5-4A5C4C44B3DB}.Debug|x86.Build.0 = Debug|Any CPU
		{4B4BBEA5-BA37-47AE-A6F5-4A5C4C44B3DB}.Debug|x86.Deploy.0 = Debug|Any CPU
		{4B4BBEA5-BA37-47AE-A6F5-4A5C4C44B3DB}.Release|Any CPU.ActiveCfg = Release|Any CPU
		{4B4BBEA5-BA37-47AE-A6F5-4A5C4C44B3DB}.Release|Any CPU.Build.0 = Release|Any CPU
		{4B4BBEA5-BA37-47AE-A6F5-4A5C4C44B3DB}.Release|Any CPU.Deploy.0 = Release|Any CPU
		{4B4BBEA5-BA37-47AE-A6F5-4A5C4C44B3DB}.Release|ARM.ActiveCfg = Release|Any CPU
		{4B4BBEA5-BA37-47AE-A6F5-4A5C4C44B3DB}.Release|ARM.Build.0 = Release|Any CPU
		{4B4BBEA5-BA37-47AE-A6F5-4A5C4C44B3DB}.Release|ARM.Deploy.0 = Release|Any CPU
		{4B4BBEA5-BA37-47AE-A6F5-4A5C4C44B3DB}.Release|iPhone.ActiveCfg = Release|Any CPU
		{4B4BBEA5-BA37-47AE-A6F5-4A5C4C44B3DB}.Release|iPhone.Build.0 = Release|Any CPU
		{4B4BBEA5-BA37-47AE-A6F5-4A5C4C44B3DB}.Release|iPhone.Deploy.0 = Release|Any CPU
		{4B4BBEA5-BA37-47AE-A6F5-4A5C4C44B3DB}.Release|iPhoneSimulator.ActiveCfg = Release|Any CPU
		{4B4BBEA5-BA37-47AE-A6F5-4A5C4C44B3DB}.Release|iPhoneSimulator.Build.0 = Release|Any CPU
		{4B4BBEA5-BA37-47AE-A6F5-4A5C4C44B3DB}.Release|iPhoneSimulator.Deploy.0 = Release|Any CPU
		{4B4BBEA5-BA37-47AE-A6F5-4A5C4C44B3DB}.Release|x64.ActiveCfg = Release|Any CPU
		{4B4BBEA5-BA37-47AE-A6F5-4A5C4C44B3DB}.Release|x64.Build.0 = Release|Any CPU
		{4B4BBEA5-BA37-47AE-A6F5-4A5C4C44B3DB}.Release|x64.Deploy.0 = Release|Any CPU
		{4B4BBEA5-BA37-47AE-A6F5-4A5C4C44B3DB}.Release|x86.ActiveCfg = Release|Any CPU
		{4B4BBEA5-BA37-47AE-A6F5-4A5C4C44B3DB}.Release|x86.Build.0 = Release|Any CPU
		{4B4BBEA5-BA37-47AE-A6F5-4A5C4C44B3DB}.Release|x86.Deploy.0 = Release|Any CPU
		{F9A13B17-0636-4AF5-9157-6C99F02B3474}.Debug|Any CPU.ActiveCfg = Debug|iPhoneSimulator
		{F9A13B17-0636-4AF5-9157-6C99F02B3474}.Debug|Any CPU.Build.0 = Debug|iPhoneSimulator
		{F9A13B17-0636-4AF5-9157-6C99F02B3474}.Debug|Any CPU.Deploy.0 = Debug|iPhoneSimulator
		{F9A13B17-0636-4AF5-9157-6C99F02B3474}.Debug|ARM.ActiveCfg = Debug|iPhoneSimulator
		{F9A13B17-0636-4AF5-9157-6C99F02B3474}.Debug|ARM.Build.0 = Debug|iPhoneSimulator
		{F9A13B17-0636-4AF5-9157-6C99F02B3474}.Debug|ARM.Deploy.0 = Debug|iPhoneSimulator
		{F9A13B17-0636-4AF5-9157-6C99F02B3474}.Debug|iPhone.ActiveCfg = Debug|iPhone
		{F9A13B17-0636-4AF5-9157-6C99F02B3474}.Debug|iPhone.Build.0 = Debug|iPhone
		{F9A13B17-0636-4AF5-9157-6C99F02B3474}.Debug|iPhone.Deploy.0 = Debug|iPhone
		{F9A13B17-0636-4AF5-9157-6C99F02B3474}.Debug|iPhoneSimulator.ActiveCfg = Debug|iPhoneSimulator
		{F9A13B17-0636-4AF5-9157-6C99F02B3474}.Debug|iPhoneSimulator.Build.0 = Debug|iPhoneSimulator
		{F9A13B17-0636-4AF5-9157-6C99F02B3474}.Debug|iPhoneSimulator.Deploy.0 = Debug|iPhoneSimulator
		{F9A13B17-0636-4AF5-9157-6C99F02B3474}.Debug|x64.ActiveCfg = Debug|iPhone
		{F9A13B17-0636-4AF5-9157-6C99F02B3474}.Debug|x64.Build.0 = Debug|iPhone
		{F9A13B17-0636-4AF5-9157-6C99F02B3474}.Debug|x64.Deploy.0 = Debug|iPhone
		{F9A13B17-0636-4AF5-9157-6C99F02B3474}.Debug|x86.ActiveCfg = Debug|iPhoneSimulator
		{F9A13B17-0636-4AF5-9157-6C99F02B3474}.Debug|x86.Build.0 = Debug|iPhoneSimulator
		{F9A13B17-0636-4AF5-9157-6C99F02B3474}.Debug|x86.Deploy.0 = Debug|iPhoneSimulator
		{F9A13B17-0636-4AF5-9157-6C99F02B3474}.Release|Any CPU.ActiveCfg = Release|iPhoneSimulator
		{F9A13B17-0636-4AF5-9157-6C99F02B3474}.Release|Any CPU.Build.0 = Release|iPhoneSimulator
		{F9A13B17-0636-4AF5-9157-6C99F02B3474}.Release|Any CPU.Deploy.0 = Release|iPhoneSimulator
		{F9A13B17-0636-4AF5-9157-6C99F02B3474}.Release|ARM.ActiveCfg = Release|iPhoneSimulator
		{F9A13B17-0636-4AF5-9157-6C99F02B3474}.Release|ARM.Build.0 = Release|iPhoneSimulator
		{F9A13B17-0636-4AF5-9157-6C99F02B3474}.Release|ARM.Deploy.0 = Release|iPhoneSimulator
		{F9A13B17-0636-4AF5-9157-6C99F02B3474}.Release|iPhone.ActiveCfg = Release|iPhone
		{F9A13B17-0636-4AF5-9157-6C99F02B3474}.Release|iPhone.Build.0 = Release|iPhone
		{F9A13B17-0636-4AF5-9157-6C99F02B3474}.Release|iPhone.Deploy.0 = Release|iPhone
		{F9A13B17-0636-4AF5-9157-6C99F02B3474}.Release|iPhoneSimulator.ActiveCfg = Release|iPhoneSimulator
		{F9A13B17-0636-4AF5-9157-6C99F02B3474}.Release|iPhoneSimulator.Build.0 = Release|iPhoneSimulator
		{F9A13B17-0636-4AF5-9157-6C99F02B3474}.Release|iPhoneSimulator.Deploy.0 = Release|iPhoneSimulator
		{F9A13B17-0636-4AF5-9157-6C99F02B3474}.Release|x64.ActiveCfg = Release|iPhoneSimulator
		{F9A13B17-0636-4AF5-9157-6C99F02B3474}.Release|x64.Build.0 = Release|iPhoneSimulator
		{F9A13B17-0636-4AF5-9157-6C99F02B3474}.Release|x64.Deploy.0 = Release|iPhoneSimulator
		{F9A13B17-0636-4AF5-9157-6C99F02B3474}.Release|x86.ActiveCfg = Release|iPhoneSimulator
		{F9A13B17-0636-4AF5-9157-6C99F02B3474}.Release|x86.Build.0 = Release|iPhoneSimulator
		{F9A13B17-0636-4AF5-9157-6C99F02B3474}.Release|x86.Deploy.0 = Release|iPhoneSimulator
		{744B37BD-84B6-4F26-AA7D-5A97396C587F}.Debug|Any CPU.ActiveCfg = Debug|Any CPU
		{744B37BD-84B6-4F26-AA7D-5A97396C587F}.Debug|Any CPU.Build.0 = Debug|Any CPU
		{744B37BD-84B6-4F26-AA7D-5A97396C587F}.Debug|Any CPU.Deploy.0 = Debug|Any CPU
		{744B37BD-84B6-4F26-AA7D-5A97396C587F}.Debug|ARM.ActiveCfg = Debug|Any CPU
		{744B37BD-84B6-4F26-AA7D-5A97396C587F}.Debug|ARM.Build.0 = Debug|Any CPU
		{744B37BD-84B6-4F26-AA7D-5A97396C587F}.Debug|ARM.Deploy.0 = Debug|Any CPU
		{744B37BD-84B6-4F26-AA7D-5A97396C587F}.Debug|iPhone.ActiveCfg = Debug|Any CPU
		{744B37BD-84B6-4F26-AA7D-5A97396C587F}.Debug|iPhone.Build.0 = Debug|Any CPU
		{744B37BD-84B6-4F26-AA7D-5A97396C587F}.Debug|iPhone.Deploy.0 = Debug|Any CPU
		{744B37BD-84B6-4F26-AA7D-5A97396C587F}.Debug|iPhoneSimulator.ActiveCfg = Debug|Any CPU
		{744B37BD-84B6-4F26-AA7D-5A97396C587F}.Debug|iPhoneSimulator.Build.0 = Debug|Any CPU
		{744B37BD-84B6-4F26-AA7D-5A97396C587F}.Debug|iPhoneSimulator.Deploy.0 = Debug|Any CPU
		{744B37BD-84B6-4F26-AA7D-5A97396C587F}.Debug|x64.ActiveCfg = Debug|Any CPU
		{744B37BD-84B6-4F26-AA7D-5A97396C587F}.Debug|x64.Build.0 = Debug|Any CPU
		{744B37BD-84B6-4F26-AA7D-5A97396C587F}.Debug|x64.Deploy.0 = Debug|Any CPU
		{744B37BD-84B6-4F26-AA7D-5A97396C587F}.Debug|x86.ActiveCfg = Debug|Any CPU
		{744B37BD-84B6-4F26-AA7D-5A97396C587F}.Debug|x86.Build.0 = Debug|Any CPU
		{744B37BD-84B6-4F26-AA7D-5A97396C587F}.Debug|x86.Deploy.0 = Debug|Any CPU
		{744B37BD-84B6-4F26-AA7D-5A97396C587F}.Release|Any CPU.ActiveCfg = Release|Any CPU
		{744B37BD-84B6-4F26-AA7D-5A97396C587F}.Release|Any CPU.Build.0 = Release|Any CPU
		{744B37BD-84B6-4F26-AA7D-5A97396C587F}.Release|Any CPU.Deploy.0 = Release|Any CPU
		{744B37BD-84B6-4F26-AA7D-5A97396C587F}.Release|ARM.ActiveCfg = Release|Any CPU
		{744B37BD-84B6-4F26-AA7D-5A97396C587F}.Release|ARM.Build.0 = Release|Any CPU
		{744B37BD-84B6-4F26-AA7D-5A97396C587F}.Release|ARM.Deploy.0 = Release|Any CPU
		{744B37BD-84B6-4F26-AA7D-5A97396C587F}.Release|iPhone.ActiveCfg = Release|Any CPU
		{744B37BD-84B6-4F26-AA7D-5A97396C587F}.Release|iPhone.Build.0 = Release|Any CPU
		{744B37BD-84B6-4F26-AA7D-5A97396C587F}.Release|iPhone.Deploy.0 = Release|Any CPU
		{744B37BD-84B6-4F26-AA7D-5A97396C587F}.Release|iPhoneSimulator.ActiveCfg = Release|Any CPU
		{744B37BD-84B6-4F26-AA7D-5A97396C587F}.Release|iPhoneSimulator.Build.0 = Release|Any CPU
		{744B37BD-84B6-4F26-AA7D-5A97396C587F}.Release|iPhoneSimulator.Deploy.0 = Release|Any CPU
		{744B37BD-84B6-4F26-AA7D-5A97396C587F}.Release|x64.ActiveCfg = Release|Any CPU
		{744B37BD-84B6-4F26-AA7D-5A97396C587F}.Release|x64.Build.0 = Release|Any CPU
		{744B37BD-84B6-4F26-AA7D-5A97396C587F}.Release|x64.Deploy.0 = Release|Any CPU
		{744B37BD-84B6-4F26-AA7D-5A97396C587F}.Release|x86.ActiveCfg = Release|Any CPU
		{744B37BD-84B6-4F26-AA7D-5A97396C587F}.Release|x86.Build.0 = Release|Any CPU
		{744B37BD-84B6-4F26-AA7D-5A97396C587F}.Release|x86.Deploy.0 = Release|Any CPU
		{59E7671D-944C-472C-A6D0-E5B77A3480CE}.Debug|Any CPU.ActiveCfg = Debug|Any CPU
		{59E7671D-944C-472C-A6D0-E5B77A3480CE}.Debug|Any CPU.Build.0 = Debug|Any CPU
		{59E7671D-944C-472C-A6D0-E5B77A3480CE}.Debug|Any CPU.Deploy.0 = Debug|Any CPU
		{59E7671D-944C-472C-A6D0-E5B77A3480CE}.Debug|ARM.ActiveCfg = Debug|Any CPU
		{59E7671D-944C-472C-A6D0-E5B77A3480CE}.Debug|ARM.Build.0 = Debug|Any CPU
		{59E7671D-944C-472C-A6D0-E5B77A3480CE}.Debug|ARM.Deploy.0 = Debug|Any CPU
		{59E7671D-944C-472C-A6D0-E5B77A3480CE}.Debug|iPhone.ActiveCfg = Debug|Any CPU
		{59E7671D-944C-472C-A6D0-E5B77A3480CE}.Debug|iPhone.Build.0 = Debug|Any CPU
		{59E7671D-944C-472C-A6D0-E5B77A3480CE}.Debug|iPhone.Deploy.0 = Debug|Any CPU
		{59E7671D-944C-472C-A6D0-E5B77A3480CE}.Debug|iPhoneSimulator.ActiveCfg = Debug|Any CPU
		{59E7671D-944C-472C-A6D0-E5B77A3480CE}.Debug|iPhoneSimulator.Build.0 = Debug|Any CPU
		{59E7671D-944C-472C-A6D0-E5B77A3480CE}.Debug|iPhoneSimulator.Deploy.0 = Debug|Any CPU
		{59E7671D-944C-472C-A6D0-E5B77A3480CE}.Debug|x64.ActiveCfg = Debug|Any CPU
		{59E7671D-944C-472C-A6D0-E5B77A3480CE}.Debug|x64.Build.0 = Debug|Any CPU
		{59E7671D-944C-472C-A6D0-E5B77A3480CE}.Debug|x64.Deploy.0 = Debug|Any CPU
		{59E7671D-944C-472C-A6D0-E5B77A3480CE}.Debug|x86.ActiveCfg = Debug|Any CPU
		{59E7671D-944C-472C-A6D0-E5B77A3480CE}.Debug|x86.Build.0 = Debug|Any CPU
		{59E7671D-944C-472C-A6D0-E5B77A3480CE}.Debug|x86.Deploy.0 = Debug|Any CPU
		{59E7671D-944C-472C-A6D0-E5B77A3480CE}.Release|Any CPU.ActiveCfg = Release|Any CPU
		{59E7671D-944C-472C-A6D0-E5B77A3480CE}.Release|Any CPU.Build.0 = Release|Any CPU
		{59E7671D-944C-472C-A6D0-E5B77A3480CE}.Release|Any CPU.Deploy.0 = Release|Any CPU
		{59E7671D-944C-472C-A6D0-E5B77A3480CE}.Release|ARM.ActiveCfg = Release|Any CPU
		{59E7671D-944C-472C-A6D0-E5B77A3480CE}.Release|ARM.Build.0 = Release|Any CPU
		{59E7671D-944C-472C-A6D0-E5B77A3480CE}.Release|ARM.Deploy.0 = Release|Any CPU
		{59E7671D-944C-472C-A6D0-E5B77A3480CE}.Release|iPhone.ActiveCfg = Release|Any CPU
		{59E7671D-944C-472C-A6D0-E5B77A3480CE}.Release|iPhone.Build.0 = Release|Any CPU
		{59E7671D-944C-472C-A6D0-E5B77A3480CE}.Release|iPhone.Deploy.0 = Release|Any CPU
		{59E7671D-944C-472C-A6D0-E5B77A3480CE}.Release|iPhoneSimulator.ActiveCfg = Release|Any CPU
		{59E7671D-944C-472C-A6D0-E5B77A3480CE}.Release|iPhoneSimulator.Build.0 = Release|Any CPU
		{59E7671D-944C-472C-A6D0-E5B77A3480CE}.Release|iPhoneSimulator.Deploy.0 = Release|Any CPU
		{59E7671D-944C-472C-A6D0-E5B77A3480CE}.Release|x64.ActiveCfg = Release|Any CPU
		{59E7671D-944C-472C-A6D0-E5B77A3480CE}.Release|x64.Build.0 = Release|Any CPU
		{59E7671D-944C-472C-A6D0-E5B77A3480CE}.Release|x64.Deploy.0 = Release|Any CPU
		{59E7671D-944C-472C-A6D0-E5B77A3480CE}.Release|x86.ActiveCfg = Release|Any CPU
		{59E7671D-944C-472C-A6D0-E5B77A3480CE}.Release|x86.Build.0 = Release|Any CPU
		{59E7671D-944C-472C-A6D0-E5B77A3480CE}.Release|x86.Deploy.0 = Release|Any CPU
		{96BB9659-3096-4CF3-9594-18E0AD82D289}.Debug|Any CPU.ActiveCfg = Debug|iPhoneSimulator
		{96BB9659-3096-4CF3-9594-18E0AD82D289}.Debug|Any CPU.Build.0 = Debug|iPhoneSimulator
		{96BB9659-3096-4CF3-9594-18E0AD82D289}.Debug|ARM.ActiveCfg = Debug|iPhoneSimulator
		{96BB9659-3096-4CF3-9594-18E0AD82D289}.Debug|ARM.Build.0 = Debug|iPhoneSimulator
		{96BB9659-3096-4CF3-9594-18E0AD82D289}.Debug|iPhone.ActiveCfg = Debug|iPhone
		{96BB9659-3096-4CF3-9594-18E0AD82D289}.Debug|iPhone.Build.0 = Debug|iPhone
		{96BB9659-3096-4CF3-9594-18E0AD82D289}.Debug|iPhoneSimulator.ActiveCfg = Debug|iPhoneSimulator
		{96BB9659-3096-4CF3-9594-18E0AD82D289}.Debug|iPhoneSimulator.Build.0 = Debug|iPhoneSimulator
		{96BB9659-3096-4CF3-9594-18E0AD82D289}.Debug|x64.ActiveCfg = Debug|iPhoneSimulator
		{96BB9659-3096-4CF3-9594-18E0AD82D289}.Debug|x64.Build.0 = Debug|iPhoneSimulator
		{96BB9659-3096-4CF3-9594-18E0AD82D289}.Debug|x86.ActiveCfg = Debug|iPhoneSimulator
		{96BB9659-3096-4CF3-9594-18E0AD82D289}.Debug|x86.Build.0 = Debug|iPhoneSimulator
		{96BB9659-3096-4CF3-9594-18E0AD82D289}.Release|Any CPU.ActiveCfg = Release|iPhoneSimulator
		{96BB9659-3096-4CF3-9594-18E0AD82D289}.Release|Any CPU.Build.0 = Release|iPhoneSimulator
		{96BB9659-3096-4CF3-9594-18E0AD82D289}.Release|ARM.ActiveCfg = Release|iPhoneSimulator
		{96BB9659-3096-4CF3-9594-18E0AD82D289}.Release|ARM.Build.0 = Release|iPhoneSimulator
		{96BB9659-3096-4CF3-9594-18E0AD82D289}.Release|iPhone.ActiveCfg = Release|iPhone
		{96BB9659-3096-4CF3-9594-18E0AD82D289}.Release|iPhone.Build.0 = Release|iPhone
		{96BB9659-3096-4CF3-9594-18E0AD82D289}.Release|iPhoneSimulator.ActiveCfg = Release|iPhoneSimulator
		{96BB9659-3096-4CF3-9594-18E0AD82D289}.Release|iPhoneSimulator.Build.0 = Release|iPhoneSimulator
		{96BB9659-3096-4CF3-9594-18E0AD82D289}.Release|x64.ActiveCfg = Release|iPhoneSimulator
		{96BB9659-3096-4CF3-9594-18E0AD82D289}.Release|x64.Build.0 = Release|iPhoneSimulator
		{96BB9659-3096-4CF3-9594-18E0AD82D289}.Release|x86.ActiveCfg = Release|iPhoneSimulator
		{96BB9659-3096-4CF3-9594-18E0AD82D289}.Release|x86.Build.0 = Release|iPhoneSimulator
		{4E4C34DE-C30E-491F-922F-EF76CEFBAE1F}.Debug|Any CPU.ActiveCfg = Debug|Any CPU
		{4E4C34DE-C30E-491F-922F-EF76CEFBAE1F}.Debug|Any CPU.Build.0 = Debug|Any CPU
		{4E4C34DE-C30E-491F-922F-EF76CEFBAE1F}.Debug|ARM.ActiveCfg = Debug|Any CPU
		{4E4C34DE-C30E-491F-922F-EF76CEFBAE1F}.Debug|ARM.Build.0 = Debug|Any CPU
		{4E4C34DE-C30E-491F-922F-EF76CEFBAE1F}.Debug|iPhone.ActiveCfg = Debug|Any CPU
		{4E4C34DE-C30E-491F-922F-EF76CEFBAE1F}.Debug|iPhone.Build.0 = Debug|Any CPU
		{4E4C34DE-C30E-491F-922F-EF76CEFBAE1F}.Debug|iPhoneSimulator.ActiveCfg = Debug|Any CPU
		{4E4C34DE-C30E-491F-922F-EF76CEFBAE1F}.Debug|iPhoneSimulator.Build.0 = Debug|Any CPU
		{4E4C34DE-C30E-491F-922F-EF76CEFBAE1F}.Debug|x64.ActiveCfg = Debug|Any CPU
		{4E4C34DE-C30E-491F-922F-EF76CEFBAE1F}.Debug|x64.Build.0 = Debug|Any CPU
		{4E4C34DE-C30E-491F-922F-EF76CEFBAE1F}.Debug|x86.ActiveCfg = Debug|Any CPU
		{4E4C34DE-C30E-491F-922F-EF76CEFBAE1F}.Debug|x86.Build.0 = Debug|Any CPU
		{4E4C34DE-C30E-491F-922F-EF76CEFBAE1F}.Release|Any CPU.ActiveCfg = Release|Any CPU
		{4E4C34DE-C30E-491F-922F-EF76CEFBAE1F}.Release|Any CPU.Build.0 = Release|Any CPU
		{4E4C34DE-C30E-491F-922F-EF76CEFBAE1F}.Release|ARM.ActiveCfg = Release|Any CPU
		{4E4C34DE-C30E-491F-922F-EF76CEFBAE1F}.Release|ARM.Build.0 = Release|Any CPU
		{4E4C34DE-C30E-491F-922F-EF76CEFBAE1F}.Release|iPhone.ActiveCfg = Release|Any CPU
		{4E4C34DE-C30E-491F-922F-EF76CEFBAE1F}.Release|iPhone.Build.0 = Release|Any CPU
		{4E4C34DE-C30E-491F-922F-EF76CEFBAE1F}.Release|iPhoneSimulator.ActiveCfg = Release|Any CPU
		{4E4C34DE-C30E-491F-922F-EF76CEFBAE1F}.Release|iPhoneSimulator.Build.0 = Release|Any CPU
		{4E4C34DE-C30E-491F-922F-EF76CEFBAE1F}.Release|x64.ActiveCfg = Release|Any CPU
		{4E4C34DE-C30E-491F-922F-EF76CEFBAE1F}.Release|x64.Build.0 = Release|Any CPU
		{4E4C34DE-C30E-491F-922F-EF76CEFBAE1F}.Release|x86.ActiveCfg = Release|Any CPU
		{4E4C34DE-C30E-491F-922F-EF76CEFBAE1F}.Release|x86.Build.0 = Release|Any CPU
	EndGlobalSection
	GlobalSection(SolutionProperties) = preSolution
		HideSolutionNode = FALSE
	EndGlobalSection
	GlobalSection(ExtensibilityGlobals) = postSolution
		SolutionGuid = {A3316BD1-12D3-40C7-8A6D-DD966B81AF12}
	EndGlobalSection
EndGlobal
