
Microsoft Visual Studio Solution File, Format Version 12.00
# Visual Studio Version 17
VisualStudioVersion = 17.2.32630.192
MinimumVisualStudioVersion = 10.0.40219.1
Project("{FAE04EC0-301F-11D3-BF4B-00C04F79EFBC}") = "ContactBook.Android", "ContactBook\ContactBook.Android\ContactBook.Android.csproj", "{02DBFC41-0C58-4EAD-B3A6-DA538503BB2A}"
EndProject
Project("{FAE04EC0-301F-11D3-BF4B-00C04F79EFBC}") = "ContactBook.iOS", "ContactBook\ContactBook.iOS\ContactBook.iOS.csproj", "{2892996A-0087-44E3-83AD-AC29B9673113}"
EndProject
Project("{9A19103F-16F7-4668-BE54-9A1E7A4F7556}") = "ContactBook", "ContactBook\ContactBook\ContactBook.csproj", "{751CB7E1-0545-49B8-9723-65FA50B41EF0}"
EndProject
Global
	GlobalSection(SolutionConfigurationPlatforms) = preSolution
		Debug|Any CPU = Debug|Any CPU
		Debug|ARM = Debug|ARM
		Debug|iPhone = Debug|iPhone
		Debug|iPhoneSimulator = Debug|iPhoneSimulator
		Debug|x64 = Debug|x64
		Debug|x86 = Debug|x86
		Release|Any CPU = Release|Any CPU
		Release|ARM = Release|ARM
		Release|iPhone = Release|iPhone
		Release|iPhoneSimulator = Release|iPhoneSimulator
		Release|x64 = Release|x64
		Release|x86 = Release|x86
	EndGlobalSection
	GlobalSection(ProjectConfigurationPlatforms) = postSolution
		{02DBFC41-0C58-4EAD-B3A6-DA538503BB2A}.Debug|Any CPU.ActiveCfg = Debug|Any CPU
		{02DBFC41-0C58-4EAD-B3A6-DA538503BB2A}.Debug|Any CPU.Build.0 = Debug|Any CPU
		{02DBFC41-0C58-4EAD-B3A6-DA538503BB2A}.Debug|Any CPU.Deploy.0 = Debug|Any CPU
		{02DBFC41-0C58-4EAD-B3A6-DA538503BB2A}.Debug|ARM.ActiveCfg = Debug|Any CPU
		{02DBFC41-0C58-4EAD-B3A6-DA538503BB2A}.Debug|ARM.Build.0 = Debug|Any CPU
		{02DBFC41-0C58-4EAD-B3A6-DA538503BB2A}.Debug|ARM.Deploy.0 = Debug|Any CPU
		{02DBFC41-0C58-4EAD-B3A6-DA538503BB2A}.Debug|iPhone.ActiveCfg = Debug|Any CPU
		{02DBFC41-0C58-4EAD-B3A6-DA538503BB2A}.Debug|iPhone.Build.0 = Debug|Any CPU
		{02DBFC41-0C58-4EAD-B3A6-DA538503BB2A}.Debug|iPhone.Deploy.0 = Debug|Any CPU
		{02DBFC41-0C58-4EAD-B3A6-DA538503BB2A}.Debug|iPhoneSimulator.ActiveCfg = Debug|Any CPU
		{02DBFC41-0C58-4EAD-B3A6-DA538503BB2A}.Debug|iPhoneSimulator.Build.0 = Debug|Any CPU
		{02DBFC41-0C58-4EAD-B3A6-DA538503BB2A}.Debug|iPhoneSimulator.Deploy.0 = Debug|Any CPU
		{02DBFC41-0C58-4EAD-B3A6-DA538503BB2A}.Debug|x64.ActiveCfg = Debug|Any CPU
		{02DBFC41-0C58-4EAD-B3A6-DA538503BB2A}.Debug|x64.Build.0 = Debug|Any CPU
		{02DBFC41-0C58-4EAD-B3A6-DA538503BB2A}.Debug|x64.Deploy.0 = Debug|Any CPU
		{02DBFC41-0C58-4EAD-B3A6-DA538503BB2A}.Debug|x86.ActiveCfg = Debug|Any CPU
		{02DBFC41-0C58-4EAD-B3A6-DA538503BB2A}.Debug|x86.Build.0 = Debug|Any CPU
		{02DBFC41-0C58-4EAD-B3A6-DA538503BB2A}.Debug|x86.Deploy.0 = Debug|Any CPU
		{02DBFC41-0C58-4EAD-B3A6-DA538503BB2A}.Release|Any CPU.ActiveCfg = Release|Any CPU
		{02DBFC41-0C58-4EAD-B3A6-DA538503BB2A}.Release|Any CPU.Build.0 = Release|Any CPU
		{02DBFC41-0C58-4EAD-B3A6-DA538503BB2A}.Release|Any CPU.Deploy.0 = Release|Any CPU
		{02DBFC41-0C58-4EAD-B3A6-DA538503BB2A}.Release|ARM.ActiveCfg = Release|Any CPU
		{02DBFC41-0C58-4EAD-B3A6-DA538503BB2A}.Release|ARM.Build.0 = Release|Any CPU
		{02DBFC41-0C58-4EAD-B3A6-DA538503BB2A}.Release|ARM.Deploy.0 = Release|Any CPU
		{02DBFC41-0C58-4EAD-B3A6-DA538503BB2A}.Release|iPhone.ActiveCfg = Release|Any CPU
		{02DBFC41-0C58-4EAD-B3A6-DA538503BB2A}.Release|iPhone.Build.0 = Release|Any CPU
		{02DBFC41-0C58-4EAD-B3A6-DA538503BB2A}.Release|iPhone.Deploy.0 = Release|Any CPU
		{02DBFC41-0C58-4EAD-B3A6-DA538503BB2A}.Release|iPhoneSimulator.ActiveCfg = Release|Any CPU
		{02DBFC41-0C58-4EAD-B3A6-DA538503BB2A}.Release|iPhoneSimulator.Build.0 = Release|Any CPU
		{02DBFC41-0C58-4EAD-B3A6-DA538503BB2A}.Release|iPhoneSimulator.Deploy.0 = Release|Any CPU
		{02DBFC41-0C58-4EAD-B3A6-DA538503BB2A}.Release|x64.ActiveCfg = Release|Any CPU
		{02DBFC41-0C58-4EAD-B3A6-DA538503BB2A}.Release|x64.Build.0 = Release|Any CPU
		{02DBFC41-0C58-4EAD-B3A6-DA538503BB2A}.Release|x64.Deploy.0 = Release|Any CPU
		{02DBFC41-0C58-4EAD-B3A6-DA538503BB2A}.Release|x86.ActiveCfg = Release|Any CPU
		{02DBFC41-0C58-4EAD-B3A6-DA538503BB2A}.Release|x86.Build.0 = Release|Any CPU
		{02DBFC41-0C58-4EAD-B3A6-DA538503BB2A}.Release|x86.Deploy.0 = Release|Any CPU
		{2892996A-0087-44E3-83AD-AC29B9673113}.Debug|Any CPU.ActiveCfg = Debug|iPhone
		{2892996A-0087-44E3-83AD-AC29B9673113}.Debug|Any CPU.Build.0 = Debug|iPhone
		{2892996A-0087-44E3-83AD-AC29B9673113}.Debug|Any CPU.Deploy.0 = Debug|iPhone
		{2892996A-0087-44E3-83AD-AC29B9673113}.Debug|ARM.ActiveCfg = Debug|iPhoneSimulator
		{2892996A-0087-44E3-83AD-AC29B9673113}.Debug|ARM.Build.0 = Debug|iPhoneSimulator
		{2892996A-0087-44E3-83AD-AC29B9673113}.Debug|iPhone.ActiveCfg = Debug|iPhone
		{2892996A-0087-44E3-83AD-AC29B9673113}.Debug|iPhone.Build.0 = Debug|iPhone
		{2892996A-0087-44E3-83AD-AC29B9673113}.Debug|iPhone.Deploy.0 = Debug|iPhone
		{2892996A-0087-44E3-83AD-AC29B9673113}.Debug|iPhoneSimulator.ActiveCfg = Debug|iPhoneSimulator
		{2892996A-0087-44E3-83AD-AC29B9673113}.Debug|iPhoneSimulator.Build.0 = Debug|iPhoneSimulator
		{2892996A-0087-44E3-83AD-AC29B9673113}.Debug|iPhoneSimulator.Deploy.0 = Debug|iPhoneSimulator
		{2892996A-0087-44E3-83AD-AC29B9673113}.Debug|x64.ActiveCfg = Debug|iPhoneSimulator
		{2892996A-0087-44E3-83AD-AC29B9673113}.Debug|x64.Build.0 = Debug|iPhoneSimulator
		{2892996A-0087-44E3-83AD-AC29B9673113}.Debug|x86.ActiveCfg = Debug|iPhoneSimulator
		{2892996A-0087-44E3-83AD-AC29B9673113}.Debug|x86.Build.0 = Debug|iPhoneSimulator
		{2892996A-0087-44E3-83AD-AC29B9673113}.Release|Any CPU.ActiveCfg = Release|iPhoneSimulator
		{2892996A-0087-44E3-83AD-AC29B9673113}.Release|Any CPU.Build.0 = Release|iPhoneSimulator
		{2892996A-0087-44E3-83AD-AC29B9673113}.Release|Any CPU.Deploy.0 = Release|iPhoneSimulator
		{2892996A-0087-44E3-83AD-AC29B9673113}.Release|ARM.ActiveCfg = Release|iPhoneSimulator
		{2892996A-0087-44E3-83AD-AC29B9673113}.Release|ARM.Build.0 = Release|iPhoneSimulator
		{2892996A-0087-44E3-83AD-AC29B9673113}.Release|iPhone.ActiveCfg = Release|iPhone
		{2892996A-0087-44E3-83AD-AC29B9673113}.Release|iPhone.Build.0 = Release|iPhone
		{2892996A-0087-44E3-83AD-AC29B9673113}.Release|iPhone.Deploy.0 = Release|iPhone
		{2892996A-0087-44E3-83AD-AC29B9673113}.Release|iPhoneSimulator.ActiveCfg = Release|iPhoneSimulator
		{2892996A-0087-44E3-83AD-AC29B9673113}.Release|iPhoneSimulator.Build.0 = Release|iPhoneSimulator
		{2892996A-0087-44E3-83AD-AC29B9673113}.Release|iPhoneSimulator.Deploy.0 = Release|iPhoneSimulator
		{2892996A-0087-44E3-83AD-AC29B9673113}.Release|x64.ActiveCfg = Release|iPhoneSimulator
		{2892996A-0087-44E3-83AD-AC29B9673113}.Release|x64.Build.0 = Release|iPhoneSimulator
		{2892996A-0087-44E3-83AD-AC29B9673113}.Release|x86.ActiveCfg = Release|iPhoneSimulator
		{2892996A-0087-44E3-83AD-AC29B9673113}.Release|x86.Build.0 = Release|iPhoneSimulator
		{751CB7E1-0545-49B8-9723-65FA50B41EF0}.Debug|Any CPU.ActiveCfg = Debug|Any CPU
		{751CB7E1-0545-49B8-9723-65FA50B41EF0}.Debug|Any CPU.Build.0 = Debug|Any CPU
		{751CB7E1-0545-49B8-9723-65FA50B41EF0}.Debug|Any CPU.Deploy.0 = Debug|Any CPU
		{751CB7E1-0545-49B8-9723-65FA50B41EF0}.Debug|ARM.ActiveCfg = Debug|Any CPU
		{751CB7E1-0545-49B8-9723-65FA50B41EF0}.Debug|ARM.Build.0 = Debug|Any CPU
		{751CB7E1-0545-49B8-9723-65FA50B41EF0}.Debug|iPhone.ActiveCfg = Debug|Any CPU
		{751CB7E1-0545-49B8-9723-65FA50B41EF0}.Debug|iPhone.Build.0 = Debug|Any CPU
		{751CB7E1-0545-49B8-9723-65FA50B41EF0}.Debug|iPhone.Deploy.0 = Debug|Any CPU
		{751CB7E1-0545-49B8-9723-65FA50B41EF0}.Debug|iPhoneSimulator.ActiveCfg = Debug|Any CPU
		{751CB7E1-0545-49B8-9723-65FA50B41EF0}.Debug|iPhoneSimulator.Build.0 = Debug|Any CPU
		{751CB7E1-0545-49B8-9723-65FA50B41EF0}.Debug|iPhoneSimulator.Deploy.0 = Debug|Any CPU
		{751CB7E1-0545-49B8-9723-65FA50B41EF0}.Debug|x64.ActiveCfg = Debug|Any CPU
		{751CB7E1-0545-49B8-9723-65FA50B41EF0}.Debug|x64.Build.0 = Debug|Any CPU
		{751CB7E1-0545-49B8-9723-65FA50B41EF0}.Debug|x86.ActiveCfg = Debug|Any CPU
		{751CB7E1-0545-49B8-9723-65FA50B41EF0}.Debug|x86.Build.0 = Debug|Any CPU
		{751CB7E1-0545-49B8-9723-65FA50B41EF0}.Release|Any CPU.ActiveCfg = Release|Any CPU
		{751CB7E1-0545-49B8-9723-65FA50B41EF0}.Release|Any CPU.Build.0 = Release|Any CPU
		{751CB7E1-0545-49B8-9723-65FA50B41EF0}.Release|Any CPU.Deploy.0 = Release|Any CPU
		{751CB7E1-0545-49B8-9723-65FA50B41EF0}.Release|ARM.ActiveCfg = Release|Any CPU
		{751CB7E1-0545-49B8-9723-65FA50B41EF0}.Release|ARM.Build.0 = Release|Any CPU
		{751CB7E1-0545-49B8-9723-65FA50B41EF0}.Release|iPhone.ActiveCfg = Release|Any CPU
		{751CB7E1-0545-49B8-9723-65FA50B41EF0}.Release|iPhone.Build.0 = Release|Any CPU
		{751CB7E1-0545-49B8-9723-65FA50B41EF0}.Release|iPhone.Deploy.0 = Release|Any CPU
		{751CB7E1-0545-49B8-9723-65FA50B41EF0}.Release|iPhoneSimulator.ActiveCfg = Release|Any CPU
		{751CB7E1-0545-49B8-9723-65FA50B41EF0}.Release|iPhoneSimulator.Build.0 = Release|Any CPU
		{751CB7E1-0545-49B8-9723-65FA50B41EF0}.Release|iPhoneSimulator.Deploy.0 = Release|Any CPU
		{751CB7E1-0545-49B8-9723-65FA50B41EF0}.Release|x64.ActiveCfg = Release|Any CPU
		{751CB7E1-0545-49B8-9723-65FA50B41EF0}.Release|x64.Build.0 = Release|Any CPU
		{751CB7E1-0545-49B8-9723-65FA50B41EF0}.Release|x86.ActiveCfg = Release|Any CPU
		{751CB7E1-0545-49B8-9723-65FA50B41EF0}.Release|x86.Build.0 = Release|Any CPU
	EndGlobalSection
	GlobalSection(SolutionProperties) = preSolution
		HideSolutionNode = FALSE
	EndGlobalSection
	GlobalSection(ExtensibilityGlobals) = postSolution
		SolutionGuid = {148CBEB2-CF14-41C8-99BC-0BF051A42D3B}
	EndGlobalSection
EndGlobal
