
Microsoft Visual Studio Solution File, Format Version 12.00
# Visual Studio Version 17
VisualStudioVersion = 17.2.32516.85
MinimumVisualStudioVersion = 10.0.40219.1
Project("{FAE04EC0-301F-11D3-BF4B-00C04F79EFBC}") = "Welcome Xamarin.UWP", "Welcome Xamarin\Welcome Xamarin.UWP\Welcome Xamarin.UWP.csproj", "{819EA08C-36AE-425F-85C1-1669A4572D80}"
EndProject
Project("{FAE04EC0-301F-11D3-BF4B-00C04F79EFBC}") = "Welcome Xamarin.Android", "Welcome Xamarin\Welcome Xamarin.Android\Welcome Xamarin.Android.csproj", "{91A455FC-CA9D-4779-BA05-014CAB487385}"
EndProject
Project("{FAE04EC0-301F-11D3-BF4B-00C04F79EFBC}") = "Welcome Xamarin.iOS", "Welcome Xamarin\Welcome Xamarin.iOS\Welcome Xamarin.iOS.csproj", "{79AED5FA-81E3-4A76-A46B-BA15B1F88FFE}"
EndProject
Project("{FAE04EC0-301F-11D3-BF4B-00C04F79EFBC}") = "Welcome Xamarin", "Welcome Xamarin\Welcome Xamarin\Welcome Xamarin.csproj", "{D4685203-97EA-4416-B019-2FAB1A6F0826}"
EndProject
Project("{FAE04EC0-301F-11D3-BF4B-00C04F79EFBC}") = "Image.UWP", "Image\Image.UWP\Image.UWP.csproj", "{1A2B94F5-EC16-4F72-B0F5-FDDA5966C860}"
EndProject
Project("{FAE04EC0-301F-11D3-BF4B-00C04F79EFBC}") = "Image.Android", "Image\Image.Android\Image.Android.csproj", "{A7B3FFF2-BE06-460A-A190-ECAE990A871B}"
EndProject
Project("{FAE04EC0-301F-11D3-BF4B-00C04F79EFBC}") = "Image.iOS", "Image\Image.iOS\Image.iOS.csproj", "{BBCCAB1D-E8D7-4D8B-99FA-667EEC0F817B}"
EndProject
Project("{FAE04EC0-301F-11D3-BF4B-00C04F79EFBC}") = "Image", "Image\Image\Image.csproj", "{B5293BBA-1EBA-4F7B-86DB-161A0EDFC1CB}"
EndProject
Global
	GlobalSection(SolutionConfigurationPlatforms) = preSolution
		Debug|Any CPU = Debug|Any CPU
		Debug|ARM = Debug|ARM
		Debug|iPhone = Debug|iPhone
		Debug|iPhoneSimulator = Debug|iPhoneSimulator
		Debug|x64 = Debug|x64
		Debug|x86 = Debug|x86
		Release|Any CPU = Release|Any CPU
		Release|ARM = Release|ARM
		Release|iPhone = Release|iPhone
		Release|iPhoneSimulator = Release|iPhoneSimulator
		Release|x64 = Release|x64
		Release|x86 = Release|x86
	EndGlobalSection
	GlobalSection(ProjectConfigurationPlatforms) = postSolution
		{819EA08C-36AE-425F-85C1-1669A4572D80}.Debug|Any CPU.ActiveCfg = Debug|x64
		{819EA08C-36AE-425F-85C1-1669A4572D80}.Debug|Any CPU.Build.0 = Debug|x64
		{819EA08C-36AE-425F-85C1-1669A4572D80}.Debug|Any CPU.Deploy.0 = Debug|x64
		{819EA08C-36AE-425F-85C1-1669A4572D80}.Debug|ARM.ActiveCfg = Debug|ARM
		{819EA08C-36AE-425F-85C1-1669A4572D80}.Debug|ARM.Build.0 = Debug|ARM
		{819EA08C-36AE-425F-85C1-1669A4572D80}.Debug|ARM.Deploy.0 = Debug|ARM
		{819EA08C-36AE-425F-85C1-1669A4572D80}.Debug|iPhone.ActiveCfg = Debug|x64
		{819EA08C-36AE-425F-85C1-1669A4572D80}.Debug|iPhone.Build.0 = Debug|x64
		{819EA08C-36AE-425F-85C1-1669A4572D80}.Debug|iPhone.Deploy.0 = Debug|x64
		{819EA08C-36AE-425F-85C1-1669A4572D80}.Debug|iPhoneSimulator.ActiveCfg = Debug|x64
		{819EA08C-36AE-425F-85C1-1669A4572D80}.Debug|iPhoneSimulator.Build.0 = Debug|x64
		{819EA08C-36AE-425F-85C1-1669A4572D80}.Debug|iPhoneSimulator.Deploy.0 = Debug|x64
		{819EA08C-36AE-425F-85C1-1669A4572D80}.Debug|x64.ActiveCfg = Debug|x64
		{819EA08C-36AE-425F-85C1-1669A4572D80}.Debug|x64.Build.0 = Debug|x64
		{819EA08C-36AE-425F-85C1-1669A4572D80}.Debug|x64.Deploy.0 = Debug|x64
		{819EA08C-36AE-425F-85C1-1669A4572D80}.Debug|x86.ActiveCfg = Debug|x86
		{819EA08C-36AE-425F-85C1-1669A4572D80}.Debug|x86.Build.0 = Debug|x86
		{819EA08C-36AE-425F-85C1-1669A4572D80}.Debug|x86.Deploy.0 = Debug|x86
		{819EA08C-36AE-425F-85C1-1669A4572D80}.Release|Any CPU.ActiveCfg = Release|x64
		{819EA08C-36AE-425F-85C1-1669A4572D80}.Release|Any CPU.Build.0 = Release|x64
		{819EA08C-36AE-425F-85C1-1669A4572D80}.Release|Any CPU.Deploy.0 = Release|x64
		{819EA08C-36AE-425F-85C1-1669A4572D80}.Release|ARM.ActiveCfg = Release|ARM
		{819EA08C-36AE-425F-85C1-1669A4572D80}.Release|ARM.Build.0 = Release|ARM
		{819EA08C-36AE-425F-85C1-1669A4572D80}.Release|ARM.Deploy.0 = Release|ARM
		{819EA08C-36AE-425F-85C1-1669A4572D80}.Release|iPhone.ActiveCfg = Release|x64
		{819EA08C-36AE-425F-85C1-1669A4572D80}.Release|iPhone.Build.0 = Release|x64
		{819EA08C-36AE-425F-85C1-1669A4572D80}.Release|iPhone.Deploy.0 = Release|x64
		{819EA08C-36AE-425F-85C1-1669A4572D80}.Release|iPhoneSimulator.ActiveCfg = Release|x64
		{819EA08C-36AE-425F-85C1-1669A4572D80}.Release|iPhoneSimulator.Build.0 = Release|x64
		{819EA08C-36AE-425F-85C1-1669A4572D80}.Release|iPhoneSimulator.Deploy.0 = Release|x64
		{819EA08C-36AE-425F-85C1-1669A4572D80}.Release|x64.ActiveCfg = Release|x64
		{819EA08C-36AE-425F-85C1-1669A4572D80}.Release|x64.Build.0 = Release|x64
		{819EA08C-36AE-425F-85C1-1669A4572D80}.Release|x64.Deploy.0 = Release|x64
		{819EA08C-36AE-425F-85C1-1669A4572D80}.Release|x86.ActiveCfg = Release|x86
		{819EA08C-36AE-425F-85C1-1669A4572D80}.Release|x86.Build.0 = Release|x86
		{819EA08C-36AE-425F-85C1-1669A4572D80}.Release|x86.Deploy.0 = Release|x86
		{91A455FC-CA9D-4779-BA05-014CAB487385}.Debug|Any CPU.ActiveCfg = Debug|Any CPU
		{91A455FC-CA9D-4779-BA05-014CAB487385}.Debug|Any CPU.Build.0 = Debug|Any CPU
		{91A455FC-CA9D-4779-BA05-014CAB487385}.Debug|Any CPU.Deploy.0 = Debug|Any CPU
		{91A455FC-CA9D-4779-BA05-014CAB487385}.Debug|ARM.ActiveCfg = Debug|Any CPU
		{91A455FC-CA9D-4779-BA05-014CAB487385}.Debug|ARM.Build.0 = Debug|Any CPU
		{91A455FC-CA9D-4779-BA05-014CAB487385}.Debug|ARM.Deploy.0 = Debug|Any CPU
		{91A455FC-CA9D-4779-BA05-014CAB487385}.Debug|iPhone.ActiveCfg = Debug|Any CPU
		{91A455FC-CA9D-4779-BA05-014CAB487385}.Debug|iPhone.Build.0 = Debug|Any CPU
		{91A455FC-CA9D-4779-BA05-014CAB487385}.Debug|iPhone.Deploy.0 = Debug|Any CPU
		{91A455FC-CA9D-4779-BA05-014CAB487385}.Debug|iPhoneSimulator.ActiveCfg = Debug|Any CPU
		{91A455FC-CA9D-4779-BA05-014CAB487385}.Debug|iPhoneSimulator.Build.0 = Debug|Any CPU
		{91A455FC-CA9D-4779-BA05-014CAB487385}.Debug|iPhoneSimulator.Deploy.0 = Debug|Any CPU
		{91A455FC-CA9D-4779-BA05-014CAB487385}.Debug|x64.ActiveCfg = Debug|Any CPU
		{91A455FC-CA9D-4779-BA05-014CAB487385}.Debug|x64.Build.0 = Debug|Any CPU
		{91A455FC-CA9D-4779-BA05-014CAB487385}.Debug|x64.Deploy.0 = Debug|Any CPU
		{91A455FC-CA9D-4779-BA05-014CAB487385}.Debug|x86.ActiveCfg = Debug|Any CPU
		{91A455FC-CA9D-4779-BA05-014CAB487385}.Debug|x86.Build.0 = Debug|Any CPU
		{91A455FC-CA9D-4779-BA05-014CAB487385}.Debug|x86.Deploy.0 = Debug|Any CPU
		{91A455FC-CA9D-4779-BA05-014CAB487385}.Release|Any CPU.ActiveCfg = Release|Any CPU
		{91A455FC-CA9D-4779-BA05-014CAB487385}.Release|Any CPU.Build.0 = Release|Any CPU
		{91A455FC-CA9D-4779-BA05-014CAB487385}.Release|Any CPU.Deploy.0 = Release|Any CPU
		{91A455FC-CA9D-4779-BA05-014CAB487385}.Release|ARM.ActiveCfg = Release|Any CPU
		{91A455FC-CA9D-4779-BA05-014CAB487385}.Release|ARM.Build.0 = Release|Any CPU
		{91A455FC-CA9D-4779-BA05-014CAB487385}.Release|ARM.Deploy.0 = Release|Any CPU
		{91A455FC-CA9D-4779-BA05-014CAB487385}.Release|iPhone.ActiveCfg = Release|Any CPU
		{91A455FC-CA9D-4779-BA05-014CAB487385}.Release|iPhone.Build.0 = Release|Any CPU
		{91A455FC-CA9D-4779-BA05-014CAB487385}.Release|iPhone.Deploy.0 = Release|Any CPU
		{91A455FC-CA9D-4779-BA05-014CAB487385}.Release|iPhoneSimulator.ActiveCfg = Release|Any CPU
		{91A455FC-CA9D-4779-BA05-014CAB487385}.Release|iPhoneSimulator.Build.0 = Release|Any CPU
		{91A455FC-CA9D-4779-BA05-014CAB487385}.Release|iPhoneSimulator.Deploy.0 = Release|Any CPU
		{91A455FC-CA9D-4779-BA05-014CAB487385}.Release|x64.ActiveCfg = Release|Any CPU
		{91A455FC-CA9D-4779-BA05-014CAB487385}.Release|x64.Build.0 = Release|Any CPU
		{91A455FC-CA9D-4779-BA05-014CAB487385}.Release|x64.Deploy.0 = Release|Any CPU
		{91A455FC-CA9D-4779-BA05-014CAB487385}.Release|x86.ActiveCfg = Release|Any CPU
		{91A455FC-CA9D-4779-BA05-014CAB487385}.Release|x86.Build.0 = Release|Any CPU
		{91A455FC-CA9D-4779-BA05-014CAB487385}.Release|x86.Deploy.0 = Release|Any CPU
		{79AED5FA-81E3-4A76-A46B-BA15B1F88FFE}.Debug|Any CPU.ActiveCfg = Debug|iPhoneSimulator
		{79AED5FA-81E3-4A76-A46B-BA15B1F88FFE}.Debug|Any CPU.Build.0 = Debug|iPhoneSimulator
		{79AED5FA-81E3-4A76-A46B-BA15B1F88FFE}.Debug|ARM.ActiveCfg = Debug|iPhoneSimulator
		{79AED5FA-81E3-4A76-A46B-BA15B1F88FFE}.Debug|ARM.Build.0 = Debug|iPhoneSimulator
		{79AED5FA-81E3-4A76-A46B-BA15B1F88FFE}.Debug|iPhone.ActiveCfg = Debug|iPhone
		{79AED5FA-81E3-4A76-A46B-BA15B1F88FFE}.Debug|iPhone.Build.0 = Debug|iPhone
		{79AED5FA-81E3-4A76-A46B-BA15B1F88FFE}.Debug|iPhoneSimulator.ActiveCfg = Debug|iPhoneSimulator
		{79AED5FA-81E3-4A76-A46B-BA15B1F88FFE}.Debug|iPhoneSimulator.Build.0 = Debug|iPhoneSimulator
		{79AED5FA-81E3-4A76-A46B-BA15B1F88FFE}.Debug|x64.ActiveCfg = Debug|iPhoneSimulator
		{79AED5FA-81E3-4A76-A46B-BA15B1F88FFE}.Debug|x64.Build.0 = Debug|iPhoneSimulator
		{79AED5FA-81E3-4A76-A46B-BA15B1F88FFE}.Debug|x86.ActiveCfg = Debug|iPhoneSimulator
		{79AED5FA-81E3-4A76-A46B-BA15B1F88FFE}.Debug|x86.Build.0 = Debug|iPhoneSimulator
		{79AED5FA-81E3-4A76-A46B-BA15B1F88FFE}.Release|Any CPU.ActiveCfg = Release|iPhoneSimulator
		{79AED5FA-81E3-4A76-A46B-BA15B1F88FFE}.Release|Any CPU.Build.0 = Release|iPhoneSimulator
		{79AED5FA-81E3-4A76-A46B-BA15B1F88FFE}.Release|ARM.ActiveCfg = Release|iPhoneSimulator
		{79AED5FA-81E3-4A76-A46B-BA15B1F88FFE}.Release|ARM.Build.0 = Release|iPhoneSimulator
		{79AED5FA-81E3-4A76-A46B-BA15B1F88FFE}.Release|iPhone.ActiveCfg = Release|iPhone
		{79AED5FA-81E3-4A76-A46B-BA15B1F88FFE}.Release|iPhone.Build.0 = Release|iPhone
		{79AED5FA-81E3-4A76-A46B-BA15B1F88FFE}.Release|iPhoneSimulator.ActiveCfg = Release|iPhoneSimulator
		{79AED5FA-81E3-4A76-A46B-BA15B1F88FFE}.Release|iPhoneSimulator.Build.0 = Release|iPhoneSimulator
		{79AED5FA-81E3-4A76-A46B-BA15B1F88FFE}.Release|x64.ActiveCfg = Release|iPhoneSimulator
		{79AED5FA-81E3-4A76-A46B-BA15B1F88FFE}.Release|x64.Build.0 = Release|iPhoneSimulator
		{79AED5FA-81E3-4A76-A46B-BA15B1F88FFE}.Release|x86.ActiveCfg = Release|iPhoneSimulator
		{79AED5FA-81E3-4A76-A46B-BA15B1F88FFE}.Release|x86.Build.0 = Release|iPhoneSimulator
		{D4685203-97EA-4416-B019-2FAB1A6F0826}.Debug|Any CPU.ActiveCfg = Debug|Any CPU
		{D4685203-97EA-4416-B019-2FAB1A6F0826}.Debug|Any CPU.Build.0 = Debug|Any CPU
		{D4685203-97EA-4416-B019-2FAB1A6F0826}.Debug|ARM.ActiveCfg = Debug|Any CPU
		{D4685203-97EA-4416-B019-2FAB1A6F0826}.Debug|ARM.Build.0 = Debug|Any CPU
		{D4685203-97EA-4416-B019-2FAB1A6F0826}.Debug|iPhone.ActiveCfg = Debug|Any CPU
		{D4685203-97EA-4416-B019-2FAB1A6F0826}.Debug|iPhone.Build.0 = Debug|Any CPU
		{D4685203-97EA-4416-B019-2FAB1A6F0826}.Debug|iPhoneSimulator.ActiveCfg = Debug|Any CPU
		{D4685203-97EA-4416-B019-2FAB1A6F0826}.Debug|iPhoneSimulator.Build.0 = Debug|Any CPU
		{D4685203-97EA-4416-B019-2FAB1A6F0826}.Debug|x64.ActiveCfg = Debug|Any CPU
		{D4685203-97EA-4416-B019-2FAB1A6F0826}.Debug|x64.Build.0 = Debug|Any CPU
		{D4685203-97EA-4416-B019-2FAB1A6F0826}.Debug|x86.ActiveCfg = Debug|Any CPU
		{D4685203-97EA-4416-B019-2FAB1A6F0826}.Debug|x86.Build.0 = Debug|Any CPU
		{D4685203-97EA-4416-B019-2FAB1A6F0826}.Release|Any CPU.ActiveCfg = Release|Any CPU
		{D4685203-97EA-4416-B019-2FAB1A6F0826}.Release|Any CPU.Build.0 = Release|Any CPU
		{D4685203-97EA-4416-B019-2FAB1A6F0826}.Release|ARM.ActiveCfg = Release|Any CPU
		{D4685203-97EA-4416-B019-2FAB1A6F0826}.Release|ARM.Build.0 = Release|Any CPU
		{D4685203-97EA-4416-B019-2FAB1A6F0826}.Release|iPhone.ActiveCfg = Release|Any CPU
		{D4685203-97EA-4416-B019-2FAB1A6F0826}.Release|iPhone.Build.0 = Release|Any CPU
		{D4685203-97EA-4416-B019-2FAB1A6F0826}.Release|iPhoneSimulator.ActiveCfg = Release|Any CPU
		{D4685203-97EA-4416-B019-2FAB1A6F0826}.Release|iPhoneSimulator.Build.0 = Release|Any CPU
		{D4685203-97EA-4416-B019-2FAB1A6F0826}.Release|x64.ActiveCfg = Release|Any CPU
		{D4685203-97EA-4416-B019-2FAB1A6F0826}.Release|x64.Build.0 = Release|Any CPU
		{D4685203-97EA-4416-B019-2FAB1A6F0826}.Release|x86.ActiveCfg = Release|Any CPU
		{D4685203-97EA-4416-B019-2FAB1A6F0826}.Release|x86.Build.0 = Release|Any CPU
		{1A2B94F5-EC16-4F72-B0F5-FDDA5966C860}.Debug|Any CPU.ActiveCfg = Debug|x64
		{1A2B94F5-EC16-4F72-B0F5-FDDA5966C860}.Debug|Any CPU.Build.0 = Debug|x64
		{1A2B94F5-EC16-4F72-B0F5-FDDA5966C860}.Debug|Any CPU.Deploy.0 = Debug|x64
		{1A2B94F5-EC16-4F72-B0F5-FDDA5966C860}.Debug|ARM.ActiveCfg = Debug|ARM
		{1A2B94F5-EC16-4F72-B0F5-FDDA5966C860}.Debug|ARM.Build.0 = Debug|ARM
		{1A2B94F5-EC16-4F72-B0F5-FDDA5966C860}.Debug|ARM.Deploy.0 = Debug|ARM
		{1A2B94F5-EC16-4F72-B0F5-FDDA5966C860}.Debug|iPhone.ActiveCfg = Debug|x64
		{1A2B94F5-EC16-4F72-B0F5-FDDA5966C860}.Debug|iPhone.Build.0 = Debug|x64
		{1A2B94F5-EC16-4F72-B0F5-FDDA5966C860}.Debug|iPhone.Deploy.0 = Debug|x64
		{1A2B94F5-EC16-4F72-B0F5-FDDA5966C860}.Debug|iPhoneSimulator.ActiveCfg = Debug|x64
		{1A2B94F5-EC16-4F72-B0F5-FDDA5966C860}.Debug|iPhoneSimulator.Build.0 = Debug|x64
		{1A2B94F5-EC16-4F72-B0F5-FDDA5966C860}.Debug|iPhoneSimulator.Deploy.0 = Debug|x64
		{1A2B94F5-EC16-4F72-B0F5-FDDA5966C860}.Debug|x64.ActiveCfg = Debug|x64
		{1A2B94F5-EC16-4F72-B0F5-FDDA5966C860}.Debug|x64.Build.0 = Debug|x64
		{1A2B94F5-EC16-4F72-B0F5-FDDA5966C860}.Debug|x64.Deploy.0 = Debug|x64
		{1A2B94F5-EC16-4F72-B0F5-FDDA5966C860}.Debug|x86.ActiveCfg = Debug|x86
		{1A2B94F5-EC16-4F72-B0F5-FDDA5966C860}.Debug|x86.Build.0 = Debug|x86
		{1A2B94F5-EC16-4F72-B0F5-FDDA5966C860}.Debug|x86.Deploy.0 = Debug|x86
		{1A2B94F5-EC16-4F72-B0F5-FDDA5966C860}.Release|Any CPU.ActiveCfg = Release|x64
		{1A2B94F5-EC16-4F72-B0F5-FDDA5966C860}.Release|Any CPU.Build.0 = Release|x64
		{1A2B94F5-EC16-4F72-B0F5-FDDA5966C860}.Release|Any CPU.Deploy.0 = Release|x64
		{1A2B94F5-EC16-4F72-B0F5-FDDA5966C860}.Release|ARM.ActiveCfg = Release|ARM
		{1A2B94F5-EC16-4F72-B0F5-FDDA5966C860}.Release|ARM.Build.0 = Release|ARM
		{1A2B94F5-EC16-4F72-B0F5-FDDA5966C860}.Release|ARM.Deploy.0 = Release|ARM
		{1A2B94F5-EC16-4F72-B0F5-FDDA5966C860}.Release|iPhone.ActiveCfg = Release|x64
		{1A2B94F5-EC16-4F72-B0F5-FDDA5966C860}.Release|iPhone.Build.0 = Release|x64
		{1A2B94F5-EC16-4F72-B0F5-FDDA5966C860}.Release|iPhone.Deploy.0 = Release|x64
		{1A2B94F5-EC16-4F72-B0F5-FDDA5966C860}.Release|iPhoneSimulator.ActiveCfg = Release|x64
		{1A2B94F5-EC16-4F72-B0F5-FDDA5966C860}.Release|iPhoneSimulator.Build.0 = Release|x64
		{1A2B94F5-EC16-4F72-B0F5-FDDA5966C860}.Release|iPhoneSimulator.Deploy.0 = Release|x64
		{1A2B94F5-EC16-4F72-B0F5-FDDA5966C860}.Release|x64.ActiveCfg = Release|x64
		{1A2B94F5-EC16-4F72-B0F5-FDDA5966C860}.Release|x64.Build.0 = Release|x64
		{1A2B94F5-EC16-4F72-B0F5-FDDA5966C860}.Release|x64.Deploy.0 = Release|x64
		{1A2B94F5-EC16-4F72-B0F5-FDDA5966C860}.Release|x86.ActiveCfg = Release|x86
		{1A2B94F5-EC16-4F72-B0F5-FDDA5966C860}.Release|x86.Build.0 = Release|x86
		{1A2B94F5-EC16-4F72-B0F5-FDDA5966C860}.Release|x86.Deploy.0 = Release|x86
		{A7B3FFF2-BE06-460A-A190-ECAE990A871B}.Debug|Any CPU.ActiveCfg = Debug|Any CPU
		{A7B3FFF2-BE06-460A-A190-ECAE990A871B}.Debug|Any CPU.Build.0 = Debug|Any CPU
		{A7B3FFF2-BE06-460A-A190-ECAE990A871B}.Debug|Any CPU.Deploy.0 = Debug|Any CPU
		{A7B3FFF2-BE06-460A-A190-ECAE990A871B}.Debug|ARM.ActiveCfg = Debug|Any CPU
		{A7B3FFF2-BE06-460A-A190-ECAE990A871B}.Debug|ARM.Build.0 = Debug|Any CPU
		{A7B3FFF2-BE06-460A-A190-ECAE990A871B}.Debug|ARM.Deploy.0 = Debug|Any CPU
		{A7B3FFF2-BE06-460A-A190-ECAE990A871B}.Debug|iPhone.ActiveCfg = Debug|Any CPU
		{A7B3FFF2-BE06-460A-A190-ECAE990A871B}.Debug|iPhone.Build.0 = Debug|Any CPU
		{A7B3FFF2-BE06-460A-A190-ECAE990A871B}.Debug|iPhone.Deploy.0 = Debug|Any CPU
		{A7B3FFF2-BE06-460A-A190-ECAE990A871B}.Debug|iPhoneSimulator.ActiveCfg = Debug|Any CPU
		{A7B3FFF2-BE06-460A-A190-ECAE990A871B}.Debug|iPhoneSimulator.Build.0 = Debug|Any CPU
		{A7B3FFF2-BE06-460A-A190-ECAE990A871B}.Debug|iPhoneSimulator.Deploy.0 = Debug|Any CPU
		{A7B3FFF2-BE06-460A-A190-ECAE990A871B}.Debug|x64.ActiveCfg = Debug|Any CPU
		{A7B3FFF2-BE06-460A-A190-ECAE990A871B}.Debug|x64.Build.0 = Debug|Any CPU
		{A7B3FFF2-BE06-460A-A190-ECAE990A871B}.Debug|x64.Deploy.0 = Debug|Any CPU
		{A7B3FFF2-BE06-460A-A190-ECAE990A871B}.Debug|x86.ActiveCfg = Debug|Any CPU
		{A7B3FFF2-BE06-460A-A190-ECAE990A871B}.Debug|x86.Build.0 = Debug|Any CPU
		{A7B3FFF2-BE06-460A-A190-ECAE990A871B}.Debug|x86.Deploy.0 = Debug|Any CPU
		{A7B3FFF2-BE06-460A-A190-ECAE990A871B}.Release|Any CPU.ActiveCfg = Release|Any CPU
		{A7B3FFF2-BE06-460A-A190-ECAE990A871B}.Release|Any CPU.Build.0 = Release|Any CPU
		{A7B3FFF2-BE06-460A-A190-ECAE990A871B}.Release|Any CPU.Deploy.0 = Release|Any CPU
		{A7B3FFF2-BE06-460A-A190-ECAE990A871B}.Release|ARM.ActiveCfg = Release|Any CPU
		{A7B3FFF2-BE06-460A-A190-ECAE990A871B}.Release|ARM.Build.0 = Release|Any CPU
		{A7B3FFF2-BE06-460A-A190-ECAE990A871B}.Release|ARM.Deploy.0 = Release|Any CPU
		{A7B3FFF2-BE06-460A-A190-ECAE990A871B}.Release|iPhone.ActiveCfg = Release|Any CPU
		{A7B3FFF2-BE06-460A-A190-ECAE990A871B}.Release|iPhone.Build.0 = Release|Any CPU
		{A7B3FFF2-BE06-460A-A190-ECAE990A871B}.Release|iPhone.Deploy.0 = Release|Any CPU
		{A7B3FFF2-BE06-460A-A190-ECAE990A871B}.Release|iPhoneSimulator.ActiveCfg = Release|Any CPU
		{A7B3FFF2-BE06-460A-A190-ECAE990A871B}.Release|iPhoneSimulator.Build.0 = Release|Any CPU
		{A7B3FFF2-BE06-460A-A190-ECAE990A871B}.Release|iPhoneSimulator.Deploy.0 = Release|Any CPU
		{A7B3FFF2-BE06-460A-A190-ECAE990A871B}.Release|x64.ActiveCfg = Release|Any CPU
		{A7B3FFF2-BE06-460A-A190-ECAE990A871B}.Release|x64.Build.0 = Release|Any CPU
		{A7B3FFF2-BE06-460A-A190-ECAE990A871B}.Release|x64.Deploy.0 = Release|Any CPU
		{A7B3FFF2-BE06-460A-A190-ECAE990A871B}.Release|x86.ActiveCfg = Release|Any CPU
		{A7B3FFF2-BE06-460A-A190-ECAE990A871B}.Release|x86.Build.0 = Release|Any CPU
		{A7B3FFF2-BE06-460A-A190-ECAE990A871B}.Release|x86.Deploy.0 = Release|Any CPU
		{BBCCAB1D-E8D7-4D8B-99FA-667EEC0F817B}.Debug|Any CPU.ActiveCfg = Debug|iPhoneSimulator
		{BBCCAB1D-E8D7-4D8B-99FA-667EEC0F817B}.Debug|Any CPU.Build.0 = Debug|iPhoneSimulator
		{BBCCAB1D-E8D7-4D8B-99FA-667EEC0F817B}.Debug|ARM.ActiveCfg = Debug|iPhoneSimulator
		{BBCCAB1D-E8D7-4D8B-99FA-667EEC0F817B}.Debug|ARM.Build.0 = Debug|iPhoneSimulator
		{BBCCAB1D-E8D7-4D8B-99FA-667EEC0F817B}.Debug|iPhone.ActiveCfg = Debug|iPhone
		{BBCCAB1D-E8D7-4D8B-99FA-667EEC0F817B}.Debug|iPhone.Build.0 = Debug|iPhone
		{BBCCAB1D-E8D7-4D8B-99FA-667EEC0F817B}.Debug|iPhoneSimulator.ActiveCfg = Debug|iPhoneSimulator
		{BBCCAB1D-E8D7-4D8B-99FA-667EEC0F817B}.Debug|iPhoneSimulator.Build.0 = Debug|iPhoneSimulator
		{BBCCAB1D-E8D7-4D8B-99FA-667EEC0F817B}.Debug|x64.ActiveCfg = Debug|iPhoneSimulator
		{BBCCAB1D-E8D7-4D8B-99FA-667EEC0F817B}.Debug|x64.Build.0 = Debug|iPhoneSimulator
		{BBCCAB1D-E8D7-4D8B-99FA-667EEC0F817B}.Debug|x86.ActiveCfg = Debug|iPhoneSimulator
		{BBCCAB1D-E8D7-4D8B-99FA-667EEC0F817B}.Debug|x86.Build.0 = Debug|iPhoneSimulator
		{BBCCAB1D-E8D7-4D8B-99FA-667EEC0F817B}.Release|Any CPU.ActiveCfg = Release|iPhoneSimulator
		{BBCCAB1D-E8D7-4D8B-99FA-667EEC0F817B}.Release|Any CPU.Build.0 = Release|iPhoneSimulator
		{BBCCAB1D-E8D7-4D8B-99FA-667EEC0F817B}.Release|ARM.ActiveCfg = Release|iPhoneSimulator
		{BBCCAB1D-E8D7-4D8B-99FA-667EEC0F817B}.Release|ARM.Build.0 = Release|iPhoneSimulator
		{BBCCAB1D-E8D7-4D8B-99FA-667EEC0F817B}.Release|iPhone.ActiveCfg = Release|iPhone
		{BBCCAB1D-E8D7-4D8B-99FA-667EEC0F817B}.Release|iPhone.Build.0 = Release|iPhone
		{BBCCAB1D-E8D7-4D8B-99FA-667EEC0F817B}.Release|iPhoneSimulator.ActiveCfg = Release|iPhoneSimulator
		{BBCCAB1D-E8D7-4D8B-99FA-667EEC0F817B}.Release|iPhoneSimulator.Build.0 = Release|iPhoneSimulator
		{BBCCAB1D-E8D7-4D8B-99FA-667EEC0F817B}.Release|x64.ActiveCfg = Release|iPhoneSimulator
		{BBCCAB1D-E8D7-4D8B-99FA-667EEC0F817B}.Release|x64.Build.0 = Release|iPhoneSimulator
		{BBCCAB1D-E8D7-4D8B-99FA-667EEC0F817B}.Release|x86.ActiveCfg = Release|iPhoneSimulator
		{BBCCAB1D-E8D7-4D8B-99FA-667EEC0F817B}.Release|x86.Build.0 = Release|iPhoneSimulator
		{B5293BBA-1EBA-4F7B-86DB-161A0EDFC1CB}.Debug|Any CPU.ActiveCfg = Debug|Any CPU
		{B5293BBA-1EBA-4F7B-86DB-161A0EDFC1CB}.Debug|Any CPU.Build.0 = Debug|Any CPU
		{B5293BBA-1EBA-4F7B-86DB-161A0EDFC1CB}.Debug|ARM.ActiveCfg = Debug|Any CPU
		{B5293BBA-1EBA-4F7B-86DB-161A0EDFC1CB}.Debug|ARM.Build.0 = Debug|Any CPU
		{B5293BBA-1EBA-4F7B-86DB-161A0EDFC1CB}.Debug|iPhone.ActiveCfg = Debug|Any CPU
		{B5293BBA-1EBA-4F7B-86DB-161A0EDFC1CB}.Debug|iPhone.Build.0 = Debug|Any CPU
		{B5293BBA-1EBA-4F7B-86DB-161A0EDFC1CB}.Debug|iPhoneSimulator.ActiveCfg = Debug|Any CPU
		{B5293BBA-1EBA-4F7B-86DB-161A0EDFC1CB}.Debug|iPhoneSimulator.Build.0 = Debug|Any CPU
		{B5293BBA-1EBA-4F7B-86DB-161A0EDFC1CB}.Debug|x64.ActiveCfg = Debug|Any CPU
		{B5293BBA-1EBA-4F7B-86DB-161A0EDFC1CB}.Debug|x64.Build.0 = Debug|Any CPU
		{B5293BBA-1EBA-4F7B-86DB-161A0EDFC1CB}.Debug|x86.ActiveCfg = Debug|Any CPU
		{B5293BBA-1EBA-4F7B-86DB-161A0EDFC1CB}.Debug|x86.Build.0 = Debug|Any CPU
		{B5293BBA-1EBA-4F7B-86DB-161A0EDFC1CB}.Release|Any CPU.ActiveCfg = Release|Any CPU
		{B5293BBA-1EBA-4F7B-86DB-161A0EDFC1CB}.Release|Any CPU.Build.0 = Release|Any CPU
		{B5293BBA-1EBA-4F7B-86DB-161A0EDFC1CB}.Release|ARM.ActiveCfg = Release|Any CPU
		{B5293BBA-1EBA-4F7B-86DB-161A0EDFC1CB}.Release|ARM.Build.0 = Release|Any CPU
		{B5293BBA-1EBA-4F7B-86DB-161A0EDFC1CB}.Release|iPhone.ActiveCfg = Release|Any CPU
		{B5293BBA-1EBA-4F7B-86DB-161A0EDFC1CB}.Release|iPhone.Build.0 = Release|Any CPU
		{B5293BBA-1EBA-4F7B-86DB-161A0EDFC1CB}.Release|iPhoneSimulator.ActiveCfg = Release|Any CPU
		{B5293BBA-1EBA-4F7B-86DB-161A0EDFC1CB}.Release|iPhoneSimulator.Build.0 = Release|Any CPU
		{B5293BBA-1EBA-4F7B-86DB-161A0EDFC1CB}.Release|x64.ActiveCfg = Release|Any CPU
		{B5293BBA-1EBA-4F7B-86DB-161A0EDFC1CB}.Release|x64.Build.0 = Release|Any CPU
		{B5293BBA-1EBA-4F7B-86DB-161A0EDFC1CB}.Release|x86.ActiveCfg = Release|Any CPU
		{B5293BBA-1EBA-4F7B-86DB-161A0EDFC1CB}.Release|x86.Build.0 = Release|Any CPU
	EndGlobalSection
	GlobalSection(SolutionProperties) = preSolution
		HideSolutionNode = FALSE
	EndGlobalSection
	GlobalSection(ExtensibilityGlobals) = postSolution
		SolutionGuid = {DCA22B65-8C27-435B-8875-2B76EFFF4B70}
	EndGlobalSection
EndGlobal
